
Microsoft Visual Studio Solution File, Format Version 12.00
# Visual Studio 14
VisualStudioVersion = 14.0.25420.1
MinimumVisualStudioVersion = 10.0.40219.1
Project("{FAE04EC0-301F-11D3-BF4B-00C04F79EFBC}") = "VIAChatServer", "VIAChatServer\VIAChatServer.csproj", "{B083DF9B-222B-4ED6-A7F4-086BC64EB79B}"
EndProject
Project("{FAE04EC0-301F-11D3-BF4B-00C04F79EFBC}") = "VIAChatClient", "VIAChatClient\VIAChatClient.csproj", "{2C93BB0E-C215-4860-83F6-CA9CEFC0933D}"
EndProject
Global
	GlobalSection(SolutionConfigurationPlatforms) = preSolution
		Debug|Any CPU = Debug|Any CPU
		Release|Any CPU = Release|Any CPU
	EndGlobalSection
	GlobalSection(ProjectConfigurationPlatforms) = postSolution
		{B083DF9B-222B-4ED6-A7F4-086BC64EB79B}.Debug|Any CPU.ActiveCfg = Debug|Any CPU
		{B083DF9B-222B-4ED6-A7F4-086BC64EB79B}.Debug|Any CPU.Build.0 = Debug|Any CPU
		{B083DF9B-222B-4ED6-A7F4-086BC64EB79B}.Release|Any CPU.ActiveCfg = Release|Any CPU
		{B083DF9B-222B-4ED6-A7F4-086BC64EB79B}.Release|Any CPU.Build.0 = Release|Any CPU
		{2C93BB0E-C215-4860-83F6-CA9CEFC0933D}.Debug|Any CPU.ActiveCfg = Debug|Any CPU
		{2C93BB0E-C215-4860-83F6-CA9CEFC0933D}.Debug|Any CPU.Build.0 = Debug|Any CPU
		{2C93BB0E-C215-4860-83F6-CA9CEFC0933D}.Release|Any CPU.ActiveCfg = Release|Any CPU
		{2C93BB0E-C215-4860-83F6-CA9CEFC0933D}.Release|Any CPU.Build.0 = Release|Any CPU
	EndGlobalSection
	GlobalSection(SolutionProperties) = preSolution
		HideSolutionNode = FALSE
	EndGlobalSection
EndGlobal
